{
  "name": "npm-consumer",
  "version": "1.0.0",
  "lockfileVersion": 3,
  "requires": true,
  "packages": {
    "": {
      "name": "npm-consumer",
      "version": "1.0.0",
      "license": "ISC",
      "dependencies": {
        "@jiohjung98/hi": "^0.0.1"
      }
    },
    "node_modules/@jiohjung98/hi": {
      "version": "0.0.1",
      "resolved": "https://registry.npmjs.org/@jiohjung98/hi/-/hi-0.0.1.tgz",
      "integrity": "sha512-BiI8ZZAKUHi7I8UN3Y4FhHRZnGvS++SCwbludZBFx5lGgAWxUw2GnpdNvuOvQfziQjlaaScT9q0nPuX4HgjVlg==",
      "license": "ISC"
    }
  }
}
